{
  "name": "projeto-test",
  "version": "1.0.0",
  "lockfileVersion": 1,
  "requires": true,
  "dependencies": {
    "date-fns": {
      "version": "2.26.0",
      "resolved": "https://registry.npmjs.org/date-fns/-/date-fns-2.26.0.tgz",
      "integrity": "sha512-VQI812dRi3cusdY/fhoBKvc6l2W8BPWU1FNVnFH9Nttjx4AFBRzfSVb/Eyc7jBT6e9sg1XtAGsYpBQ6c/jygbg=="
    }
  }
}
